
Microsoft Visual Studio Solution File, Format Version 12.00
# Visual Studio Version 16
VisualStudioVersion = 16.0.31624.102
MinimumVisualStudioVersion = 10.0.40219.1
Project("{FAE04EC0-301F-11D3-BF4B-00C04F79EFBC}") = "NotfisUpload", "NotfisUpload\NotfisUpload.csproj", "{96057964-445D-4465-A546-87416CB9DDD1}"
EndProject
Global
	GlobalSection(SolutionConfigurationPlatforms) = preSolution
		Debug|Any CPU = Debug|Any CPU
		Release|Any CPU = Release|Any CPU
	EndGlobalSection
	GlobalSection(ProjectConfigurationPlatforms) = postSolution
		{96057964-445D-4465-A546-87416CB9DDD1}.Debug|Any CPU.ActiveCfg = Debug|Any CPU
		{96057964-445D-4465-A546-87416CB9DDD1}.Debug|Any CPU.Build.0 = Debug|Any CPU
		{96057964-445D-4465-A546-87416CB9DDD1}.Release|Any CPU.ActiveCfg = Release|Any CPU
		{96057964-445D-4465-A546-87416CB9DDD1}.Release|Any CPU.Build.0 = Release|Any CPU
	EndGlobalSection
	GlobalSection(SolutionProperties) = preSolution
		HideSolutionNode = FALSE
	EndGlobalSection
	GlobalSection(ExtensibilityGlobals) = postSolution
		SolutionGuid = {565404A9-4256-4F2B-96E6-36E7DAAD4203}
	EndGlobalSection
EndGlobal
